PODS:
  - Alamofire (4.0.1)
  - Dwifft (0.5)
  - ObjectMapper (2.2.1)
  - ReSwift (3.0.0)

DEPENDENCIES:
  - Alamofire (~> 4.0)
  - Dwifft (~> 0.5)
  - ObjectMapper (~> 2.2)
  - ReSwift

SPEC CHECKSUMS:
  Alamofire: 7682d43245de14874acd142ec137b144aa1dd335
  Dwifft: 9b7f1e55950e27b9dcdbb4d48502625cb4690b97
  ObjectMapper: 41e43e1a89f8060ef5ea5d04ba852e269a621d68
  ReSwift: f0255f4b4f2dacd12c5d97d34d13fc5dad6d6371

PODFILE CHECKSUM: cc86c73920c40167839f3ca8255ff4951aa66391

COCOAPODS: 1.0.1
